
Microsoft Visual Studio Solution File, Format Version 12.00
# Visual Studio 14
VisualStudioVersion = 14.0.25420.1
MinimumVisualStudioVersion = 10.0.40219.1
Project("{FAE04EC0-301F-11D3-BF4B-00C04F79EFBC}") = "Data.Utilities", "Data.Utilities\Data.Utilities.csproj", "{DC54B843-294C-4682-B31B-CED937CAC7A0}"
EndProject
Project("{FAE04EC0-301F-11D3-BF4B-00C04F79EFBC}") = "Application.Library", "Application.Library\Application.Library.csproj", "{1724333E-CB82-4121-896A-0BB3C9A3BFCA}"
EndProject
Project("{FAE04EC0-301F-11D3-BF4B-00C04F79EFBC}") = "Application.Tests", "Application.Tests\Application.Tests.csproj", "{2F4412C8-376C-4609-A2DB-5FF4BC6583DE}"
EndProject
Project("{FAE04EC0-301F-11D3-BF4B-00C04F79EFBC}") = "Selenium.Core.Framework", "Selenium.Core.Framework\Selenium.Core.Framework.csproj", "{769AEA0B-40D5-49CC-9906-C7769AF31599}"
EndProject
Project("{FAE04EC0-301F-11D3-BF4B-00C04F79EFBC}") = "RestAssured", "RestAssured\RestAssured.csproj", "{1D9F28F1-B8B2-48E3-984C-87CCED58E809}"
EndProject
Project("{FAE04EC0-301F-11D3-BF4B-00C04F79EFBC}") = "TestExecutorReportGenerator", "TestExecutorReportGenerator\TestExecutorReportGenerator.csproj", "{5BCB2D9C-27EA-4792-9A5F-E4FB4A9F8468}"
EndProject
Global
	GlobalSection(SolutionConfigurationPlatforms) = preSolution
		Debug|Any CPU = Debug|Any CPU
		Release|Any CPU = Release|Any CPU
	EndGlobalSection
	GlobalSection(ProjectConfigurationPlatforms) = postSolution
		{DC54B843-294C-4682-B31B-CED937CAC7A0}.Debug|Any CPU.ActiveCfg = Debug|Any CPU
		{DC54B843-294C-4682-B31B-CED937CAC7A0}.Debug|Any CPU.Build.0 = Debug|Any CPU
		{DC54B843-294C-4682-B31B-CED937CAC7A0}.Release|Any CPU.ActiveCfg = Release|Any CPU
		{DC54B843-294C-4682-B31B-CED937CAC7A0}.Release|Any CPU.Build.0 = Release|Any CPU
		{1724333E-CB82-4121-896A-0BB3C9A3BFCA}.Debug|Any CPU.ActiveCfg = Debug|Any CPU
		{1724333E-CB82-4121-896A-0BB3C9A3BFCA}.Debug|Any CPU.Build.0 = Debug|Any CPU
		{1724333E-CB82-4121-896A-0BB3C9A3BFCA}.Release|Any CPU.ActiveCfg = Release|Any CPU
		{1724333E-CB82-4121-896A-0BB3C9A3BFCA}.Release|Any CPU.Build.0 = Release|Any CPU
		{2F4412C8-376C-4609-A2DB-5FF4BC6583DE}.Debug|Any CPU.ActiveCfg = Debug|Any CPU
		{2F4412C8-376C-4609-A2DB-5FF4BC6583DE}.Debug|Any CPU.Build.0 = Debug|Any CPU
		{2F4412C8-376C-4609-A2DB-5FF4BC6583DE}.Release|Any CPU.ActiveCfg = Release|Any CPU
		{2F4412C8-376C-4609-A2DB-5FF4BC6583DE}.Release|Any CPU.Build.0 = Release|Any CPU
		{769AEA0B-40D5-49CC-9906-C7769AF31599}.Debug|Any CPU.ActiveCfg = Debug|Any CPU
		{769AEA0B-40D5-49CC-9906-C7769AF31599}.Debug|Any CPU.Build.0 = Debug|Any CPU
		{769AEA0B-40D5-49CC-9906-C7769AF31599}.Release|Any CPU.ActiveCfg = Release|Any CPU
		{769AEA0B-40D5-49CC-9906-C7769AF31599}.Release|Any CPU.Build.0 = Release|Any CPU
		{1D9F28F1-B8B2-48E3-984C-87CCED58E809}.Debug|Any CPU.ActiveCfg = Debug|Any CPU
		{1D9F28F1-B8B2-48E3-984C-87CCED58E809}.Debug|Any CPU.Build.0 = Debug|Any CPU
		{1D9F28F1-B8B2-48E3-984C-87CCED58E809}.Release|Any CPU.ActiveCfg = Release|Any CPU
		{1D9F28F1-B8B2-48E3-984C-87CCED58E809}.Release|Any CPU.Build.0 = Release|Any CPU
		{5BCB2D9C-27EA-4792-9A5F-E4FB4A9F8468}.Debug|Any CPU.ActiveCfg = Debug|Any CPU
		{5BCB2D9C-27EA-4792-9A5F-E4FB4A9F8468}.Debug|Any CPU.Build.0 = Debug|Any CPU
		{5BCB2D9C-27EA-4792-9A5F-E4FB4A9F8468}.Release|Any CPU.ActiveCfg = Release|Any CPU
		{5BCB2D9C-27EA-4792-9A5F-E4FB4A9F8468}.Release|Any CPU.Build.0 = Release|Any CPU
	EndGlobalSection
	GlobalSection(SolutionProperties) = preSolution
		HideSolutionNode = FALSE
	EndGlobalSection
EndGlobal
